
Microsoft Visual Studio Solution File, Format Version 12.00
# Visual Studio Version 17
VisualStudioVersion = 17.4.33213.308
MinimumVisualStudioVersion = 10.0.40219.1
Project("{FAE04EC0-301F-11D3-BF4B-00C04F79EFBC}") = "C2108G1_Project_3", "C2108G1_Project_3\C2108G1_Project_3.csproj", "{5C181C79-1BBF-4928-ABFE-6C530C62387B}"
EndProject
Global
	GlobalSection(SolutionConfigurationPlatforms) = preSolution
		Debug|Any CPU = Debug|Any CPU
		Release|Any CPU = Release|Any CPU
	EndGlobalSection
	GlobalSection(ProjectConfigurationPlatforms) = postSolution
		{5C181C79-1BBF-4928-ABFE-6C530C62387B}.Debug|Any CPU.ActiveCfg = Debug|Any CPU
		{5C181C79-1BBF-4928-ABFE-6C530C62387B}.Debug|Any CPU.Build.0 = Debug|Any CPU
		{5C181C79-1BBF-4928-ABFE-6C530C62387B}.Release|Any CPU.ActiveCfg = Release|Any CPU
		{5C181C79-1BBF-4928-ABFE-6C530C62387B}.Release|Any CPU.Build.0 = Release|Any CPU
	EndGlobalSection
	GlobalSection(SolutionProperties) = preSolution
		HideSolutionNode = FALSE
	EndGlobalSection
	GlobalSection(ExtensibilityGlobals) = postSolution
		SolutionGuid = {769DE537-D516-4EDF-848E-C581C6A137E5}
	EndGlobalSection
EndGlobal
